PODS:
  - Alamofire (4.5.1)
  - CryptoSwift (0.13.0)
  - FMDB (2.7.5):
    - FMDB/standard (= 2.7.5)
  - FMDB/standard (2.7.5)
  - MBProgressHUD (1.0.0)
  - SDWebImage (3.8.2):
    - SDWebImage/Core (= 3.8.2)
  - SDWebImage/Core (3.8.2)
  - SnapKit (4.0.1)

DEPENDENCIES:
  - Alamofire (~> 4.5.0)
  - CryptoSwift (from `https://github.com/krzyzanowskim/CryptoSwift`, branch `master`)
  - FMDB (~> 2.6)
  - MBProgressHUD (~> 1.0.0)
  - SDWebImage (~> 3.8)
  - SnapKit (~> 4.0.0)

SPEC REPOS:
  https://github.com/cocoapods/specs.git:
    - Alamofire
    - FMDB
    - MBProgressHUD
    - SDWebImage
    - SnapKit

EXTERNAL SOURCES:
  CryptoSwift:
    :branch: master
    :git: https://github.com/krzyzanowskim/CryptoSwift

CHECKOUT OPTIONS:
  CryptoSwift:
    :commit: 1f4e836d944046b78ad740130861bd6267494078
    :git: https://github.com/krzyzanowskim/CryptoSwift

SPEC CHECKSUMS:
  Alamofire: 2d95912bf4c34f164fdfc335872e8c312acaea4a
  CryptoSwift: 16e78bebf567bad1c87b2d58f6547f25b74c31aa
  FMDB: 2ce00b547f966261cd18927a3ddb07cb6f3db82a
  MBProgressHUD: 4890f671c94e8a0f3cf959aa731e9de2f036d71a
  SDWebImage: 098e97e6176540799c27e804c96653ee0833d13c
  SnapKit: 0de968a9fec17499afa29683b05d0c775b6d1c29

PODFILE CHECKSUM: 3cd218497cb6a0800c70f497f6e0d1ffef153d97

COCOAPODS: 1.5.3
